// !$*UTF8*$!
{
	archiveVersion = 1;
	classes = {
	};
	objectVersion = 46;
	objects = {

/* Begin PBXBuildFile section */
		9369EF981BC58D0C00692267 /* AppDelegate.swift in Sources */ = {isa = PBXBuildFile; fileRef = 9369EF971BC58D0C00692267 /* AppDelegate.swift */; };
		9369EF9A1BC58D0C00692267 /* ViewController.swift in Sources */ = {isa = PBXBuildFile; fileRef = 9369EF991BC58D0C00692267 /* ViewController.swift */; };
		9369EF9D1BC58D0C00692267 /* Main.storyboard in Resources */ = {isa = PBXBuildFile; fileRef = 9369EF9B1BC58D0C00692267 /* Main.storyboard */; };
		9369EF9F1BC58D0C00692267 /* Assets.xcassets in Resources */ = {isa = PBXBuildFile; fileRef = 9369EF9E1BC58D0C00692267 /* Assets.xcassets */; };
		9369EFA21BC58D0C00692267 /* LaunchScreen.storyboard in Resources */ = {isa = PBXBuildFile; fileRef = 9369EFA01BC58D0C00692267 /* LaunchScreen.storyboard */; };
/* End PBXBuildFile section */

/* Begin PBXFileReference section */
		9369EF941BC58D0C00692267 /* ScrollingStackView.app */ = {isa = PBXFileReference; explicitFileType = wrapper.application; includeInIndex = 0; path = ScrollingStackView.app; sourceTree = BUILT_PRODUCTS_DIR; };
		9369EF971BC58D0C00692267 /* AppDelegate.swift */ = {isa = PBXFileReference; lastKnownFileType = sourcecode.swift; path = AppDelegate.swift; sourceTree = "<group>"; };
		9369EF991BC58D0C00692267 /* ViewController.swift */ = {isa = PBXFileReference; lastKnownFileType = sourcecode.swift; path = ViewController.swift; sourceTree = "<group>"; };
		9369EF9C1BC58D0C00692267 /* Base */ = {isa = PBXFileReference; lastKnownFileType = file.storyboard; name = Base; path = Base.lproj/Main.storyboard; sourceTree = "<group>"; };
		9369EF9E1BC58D0C00692267 /* Assets.xcassets */ = {isa = PBXFileReference; lastKnownFileType = folder.assetcatalog; path = Assets.xcassets; sourceTree = "<group>"; };
		9369EFA11BC58D0C00692267 /* Base */ = {isa = PBXFileReference; lastKnownFileType = file.storyboard; name = Base; path = Base.lproj/LaunchScreen.storyboard; sourceTree = "<group>"; };
		9369EFA31BC58D0C00692267 /* Info.plist */ = {isa = PBXFileReference; lastKnownFileType = text.plist.xml; path = Info.plist; sourceTree = "<group>"; };
/* End PBXFileReference section */

/* Begin PBXFrameworksBuildPhase section */
		9369EF911BC58D0C00692267 /* Frameworks */ = {
			isa = PBXFrameworksBuildPhase;
			buildActionMask = 2147483647;
			files = (
			);
			runOnlyForDeploymentPostprocessing = 0;
		};
/* End PBXFrameworksBuildPhase section */

/* Begin PBXGroup section */
		9369EF8B1BC58D0C00692267 = {
			isa = PBXGroup;
			children = (
				9369EF961BC58D0C00692267 /* ScrollingStackView */,
				9369EF951BC58D0C00692267 /* Products */,
			);
			sourceTree = "<group>";
		};
		9369EF951BC58D0C00692267 /* Products */ = {
			isa = PBXGroup;
			children = (
				9369EF941BC58D0C00692267 /* ScrollingStackView.app */,
			);
			name = Products;
			sourceTree = "<group>";
		};
		9369EF961BC58D0C00692267 /* ScrollingStackView */ = {
			isa = PBXGroup;
			children = (
				9369EF971BC58D0C00692267 /* AppDelegate.swift */,
				9369EF991BC58D0C00692267 /* ViewController.swift */,
				9369EF9B1BC58D0C00692267 /* Main.storyboard */,
				9369EF9E1BC58D0C00692267 /* Assets.xcassets */,
				9369EFA01BC58D0C00692267 /* LaunchScreen.storyboard */,
				9369EFA31BC58D0C00692267 /* Info.plist */,
			);
			path = ScrollingStackView;
			sourceTree = "<group>";
		};
/* End PBXGroup section */

/* Begin PBXNativeTarget section */
		9369EF931BC58D0C00692267 /* ScrollingStackView */ = {
			isa = PBXNativeTarget;
			buildConfigurationList = 9369EFA61BC58D0C00692267 /* Build configuration list for PBXNativeTarget "ScrollingStackView" */;
			buildPhases = (
				9369EF901BC58D0C00692267 /* Sources */,
				9369EF911BC58D0C00692267 /* Frameworks */,
				9369EF921BC58D0C00692267 /* Resources */,
			);
			buildRules = (
			);
			dependencies = (
			);
			name = ScrollingStackView;
			productName = ScrollingStackView;
			productReference = 9369EF941BC58D0C00692267 /* ScrollingStackView.app */;
			productType = "com.apple.product-type.application";
		};
/* End PBXNativeTarget section */

/* Begin PBXProject section */
		9369EF8C1BC58D0C00692267 /* Project object */ = {
			isa = PBXProject;
			attributes = {
				LastUpgradeCheck = 0700;
				ORGANIZATIONNAME = "Norback Solutions, LLC";
				TargetAttributes = {
					9369EF931BC58D0C00692267 = {
						CreatedOnToolsVersion = 7.0.1;
					};
				};
			};
			buildConfigurationList = 9369EF8F1BC58D0C00692267 /* Build configuration list for PBXProject "ScrollingStackView" */;
			compatibilityVersion = "Xcode 3.2";
			developmentRegion = English;
			hasScannedForEncodings = 0;
			knownRegions = (
				en,
				Base,
			);
			mainGroup = 9369EF8B1BC58D0C00692267;
			productRefGroup = 9369EF951BC58D0C00692267 /* Products */;
			projectDirPath = "";
			projectRoot = "";
			targets = (
				9369EF931BC58D0C00692267 /* ScrollingStackView */,
			);
		};
/* End PBXProject section */

/* Begin PBXResourcesBuildPhase section */
		9369EF921BC58D0C00692267 /* Resources */ = {
			isa = PBXResourcesBuildPhase;
			buildActionMask = 2147483647;
			files = (
				9369EFA21BC58D0C00692267 /* LaunchScreen.storyboard in Resources */,
				9369EF9F1BC58D0C00692267 /* Assets.xcassets in Resources */,
				9369EF9D1BC58D0C00692267 /* Main.storyboard in Resources */,
			);
			runOnlyForDeploymentPostprocessing = 0;
		};
/* End PBXResourcesBuildPhase section */

/* Begin PBXSourcesBuildPhase section */
		9369EF901BC58D0C00692267 /* Sources */ = {
			isa = PBXSourcesBuildPhase;
			buildActionMask = 2147483647;
			files = (
				9369EF9A1BC58D0C00692267 /* ViewController.swift in Sources */,
				9369EF981BC58D0C00692267 /* AppDelegate.swift in Sources */,
			);
			runOnlyForDeploymentPostprocessing = 0;
		};
/* End PBXSourcesBuildPhase section */

/* Begin PBXVariantGroup section */
		9369EF9B1BC58D0C00692267 /* Main.storyboard */ = {
			isa = PBXVariantGroup;
			children = (
				9369EF9C1BC58D0C00692267 /* Base */,
			);
			name = Main.storyboard;
			sourceTree = "<group>";
		};
		9369EFA01BC58D0C00692267 /* LaunchScreen.storyboard */ = {
			isa = PBXVariantGroup;
			children = (
				9369EFA11BC58D0C00692267 /* Base */,
			);
			name = LaunchScreen.storyboard;
			sourceTree = "<group>";
		};
/* End PBXVariantGroup section */

/* Begin XCBuildConfiguration section */
		9369EFA41BC58D0C00692267 /* Debug */ = {
			isa = XCBuildConfiguration;
			buildSettings = {
				ALWAYS_SEARCH_USER_PATHS = NO;
				CLANG_CXX_LANGUAGE_STANDARD = "gnu++0x";
				CLANG_CXX_LIBRARY = "libc++";
				CLANG_ENABLE_MODULES = YES;
				CLANG_ENABLE_OBJC_ARC = YES;
				CLANG_WARN_BOOL_CONVERSION = YES;
				CLANG_WARN_CONSTANT_CONVERSION = YES;
				CLANG_WARN_DIRECT_OBJC_ISA_USAGE = YES_ERROR;
				CLANG_WARN_EMPTY_BODY = YES;
				CLANG_WARN_ENUM_CONVERSION = YES;
				CLANG_WARN_INT_CONVERSION = YES;
				CLANG_WARN_OBJC_ROOT_CLASS = YES_ERROR;
				CLANG_WARN_UNREACHABLE_CODE = YES;
				CLANG_WARN__DUPLICATE_METHOD_MATCH = YES;
				"CODE_SIGN_IDENTITY[sdk=iphoneos*]" = "iPhone Developer";
				COPY_PHASE_STRIP = NO;
				DEBUG_INFORMATION_FORMAT = dwarf;
				ENABLE_STRICT_OBJC_MSGSEND = YES;
				ENABLE_TESTABILITY = YES;
				GCC_C_LANGUAGE_STANDARD = gnu99;
				GCC_DYNAMIC_NO_PIC = NO;
				GCC_NO_COMMON_BLOCKS = YES;
				GCC_OPTIMIZATION_LEVEL = 0;
				GCC_PREPROCESSOR_DEFINITIONS = (
					"DEBUG=1",
					"$(inherited)",
				);
				GCC_WARN_64_TO_32_BIT_CONVERSION = YES;
				GCC_WARN_ABOUT_RETURN_TYPE = YES_ERROR;
				GCC_WARN_UNDECLARED_SELECTOR = YES;
				GCC_WARN_UNINITIALIZED_AUTOS = YES_AGGRESSIVE;
				GCC_WARN_UNUSED_FUNCTION = YES;
				GCC_WARN_UNUSED_VARIABLE = YES;
				IPHONEOS_DEPLOYMENT_TARGET = 9.0;
				MTL_ENABLE_DEBUG_INFO = YES;
				ONLY_ACTIVE_ARCH = YES;
				SDKROOT = iphoneos;
				SWIFT_OPTIMIZATION_LEVEL = "-Onone";
				TARGETED_DEVICE_FAMILY = "1,2";
			};
			name = Debug;
		};
		9369EFA51BC58D0C00692267 /* Release */ = {
			isa = XCBuildConfiguration;
			buildSettings = {
				ALWAYS_SEARCH_USER_PATHS = NO;
				CLANG_CXX_LANGUAGE_STANDARD = "gnu++0x";
				CLANG_CXX_LIBRARY = "libc++";
				CLANG_ENABLE_MODULES = YES;
				CLANG_ENABLE_OBJC_ARC = YES;
				CLANG_WARN_BOOL_CONVERSION = YES;
				CLANG_WARN_CONSTANT_CONVERSION = YES;
				CLANG_WARN_DIRECT_OBJC_ISA_USAGE = YES_ERROR;
				CLANG_WARN_EMPTY_BODY = YES;
				CLANG_WARN_ENUM_CONVERSION = YES;
				CLANG_WARN_INT_CONVERSION = YES;
				CLANG_WARN_OBJC_ROOT_CLASS = YES_ERROR;
				CLANG_WARN_UNREACHABLE_CODE = YES;
				CLANG_WARN__DUPLICATE_METHOD_MATCH = YES;
				"CODE_SIGN_IDENTITY[sdk=iphoneos*]" = "iPhone Developer";
				COPY_PHASE_STRIP = NO;
				DEBUG_INFORMATION_FORMAT = "dwarf-with-dsym";
				ENABLE_NS_ASSERTIONS = NO;
				ENABLE_STRICT_OBJC_MSGSEND = YES;
				GCC_C_LANGUAGE_STANDARD = gnu99;
				GCC_NO_COMMON_BLOCKS = YES;
				GCC_WARN_64_TO_32_BIT_CONVERSION = YES;
				GCC_WARN_ABOUT_RETURN_TYPE = YES_ERROR;
				GCC_WARN_UNDECLARED_SELECTOR = YES;
				GCC_WARN_UNINITIALIZED_AUTOS = YES_AGGRESSIVE;
				GCC_WARN_UNUSED_FUNCTION = YES;
				GCC_WARN_UNUSED_VARIABLE = YES;
				IPHONEOS_DEPLOYMENT_TARGET = 9.0;
				MTL_ENABLE_DEBUG_INFO = NO;
				SDKROOT = iphoneos;
				TARGETED_DEVICE_FAMILY = "1,2";
				VALIDATE_PRODUCT = YES;
			};
			name = Release;
		};
		9369EFA71BC58D0C00692267 /* Debug */ = {
			isa = XCBuildConfiguration;
			buildSettings = {
				ASSETCATALOG_COMPILER_APPICON_NAME = AppIcon;
				INFOPLIST_FILE = ScrollingStackView/Info.plist;
				LD_RUNPATH_SEARCH_PATHS = "$(inherited) @executable_path/Frameworks";
				PRODUCT_BUNDLE_IDENTIFIER = com.norback.ScrollingStackView;
				PRODUCT_NAME = "$(TARGET_NAME)";
			};
			name = Debug;
		};
		9369EFA81BC58D0C00692267 /* Release */ = {
			isa = XCBuildConfiguration;
			buildSettings = {
				ASSETCATALOG_COMPILER_APPICON_NAME = AppIcon;
				INFOPLIST_FILE = ScrollingStackView/Info.plist;
				LD_RUNPATH_SEARCH_PATHS = "$(inherited) @executable_path/Frameworks";
				PRODUCT_BUNDLE_IDENTIFIER = com.norback.ScrollingStackView;
				PRODUCT_NAME = "$(TARGET_NAME)";
			};
			name = Release;
		};
/* End XCBuildConfiguration section */

/* Begin XCConfigurationList section */
		9369EF8F1BC58D0C00692267 /* Build configuration list for PBXProject "ScrollingStackView" */ = {
			isa = XCConfigurationList;
			buildConfigurations = (
				9369EFA41BC58D0C00692267 /* Debug */,
				9369EFA51BC58D0C00692267 /* Release */,
			);
			defaultConfigurationIsVisible = 0;
			defaultConfigurationName = Release;
		};
		9369EFA61BC58D0C00692267 /* Build configuration list for PBXNativeTarget "ScrollingStackView" */ = {
			isa = XCConfigurationList;
			buildConfigurations = (
				9369EFA71BC58D0C00692267 /* Debug */,
				9369EFA81BC58D0C00692267 /* Release */,
			);
			defaultConfigurationIsVisible = 0;
		};
/* End XCConfigurationList section */
	};
	rootObject = 9369EF8C1BC58D0C00692267 /* Project object */;
}
